
Microsoft Visual Studio Solution File, Format Version 12.00
# Visual Studio Version 17
VisualStudioVersion = 17.0.32014.148
MinimumVisualStudioVersion = 10.0.40219.1
Project("{2150E333-8FDC-42A3-9474-1A3956D46DE8}") = "sources", "sources", "{D98C4DDE-61D3-4691-8909-FE685C1E4D64}"
EndProject
Project("{2150E333-8FDC-42A3-9474-1A3956D46DE8}") = "tests", "tests", "{3C4D08CE-E618-44C7-9F2B-6E12A8934AE5}"
EndProject
Project("{9A19103F-16F7-4668-BE54-9A1E7A4F7556}") = "SharpZstd.Interop.Tests", "tests\SharpZstd.Interop.Tests\SharpZstd.Interop.Tests.csproj", "{FB415F31-CFEE-49A0-8561-0700AB33C269}"
EndProject
Project("{9A19103F-16F7-4668-BE54-9A1E7A4F7556}") = "SharpZstd.Interop", "sources\SharpZstd.Interop\SharpZstd.Interop.csproj", "{2718E4D7-0FC1-4D0D-AB1A-FDE5B94A6E21}"
EndProject
Project("{9A19103F-16F7-4668-BE54-9A1E7A4F7556}") = "SharpZstd.Tests", "tests\SharpZstd.Tests\SharpZstd.Tests.csproj", "{D561967D-F1B1-4C42-A7E0-942A637E0BF0}"
EndProject
Project("{9A19103F-16F7-4668-BE54-9A1E7A4F7556}") = "SharpZstd", "sources\SharpZstd\SharpZstd.csproj", "{95E55BBB-8232-42F2-BF1F-8028267134A1}"
EndProject
Project("{2150E333-8FDC-42A3-9474-1A3956D46DE8}") = "Solution Items", "Solution Items", "{EFCE5F4B-2233-405E-8CDF-96BCEDA8DFED}"
	ProjectSection(SolutionItems) = preProject
		.editorconfig = .editorconfig
		CMakeLists.txt = CMakeLists.txt
		CMakePresets.json = CMakePresets.json
		Directory.Build.props = Directory.Build.props
		Directory.Build.targets = Directory.Build.targets
		generate_sources.ps1 = generate_sources.ps1
		LICENSE = LICENSE
		NativeAssets.targets = NativeAssets.targets
		vcpkg.json = vcpkg.json
	EndProjectSection
EndProject
Project("{2150E333-8FDC-42A3-9474-1A3956D46DE8}") = ".github", ".github", "{680F8B27-A917-4ED3-9A3A-662DB43BB1F2}"
EndProject
Project("{2150E333-8FDC-42A3-9474-1A3956D46DE8}") = "workflows", "workflows", "{1BF2A203-D26A-4E07-8BA8-4AFEE5AA1C23}"
	ProjectSection(SolutionItems) = preProject
		.github\workflows\deploy.yml = .github\workflows\deploy.yml
	EndProjectSection
EndProject
Project("{2150E333-8FDC-42A3-9474-1A3956D46DE8}") = "vcpkg", "vcpkg", "{7A5AC11D-42FF-4C73-926B-5A5DDE03026E}"
	ProjectSection(SolutionItems) = preProject
		.github\workflows\vcpkg\action.yml = .github\workflows\vcpkg\action.yml
	EndProjectSection
EndProject
Project("{2150E333-8FDC-42A3-9474-1A3956D46DE8}") = "scripts", "scripts", "{83025C57-F1AC-4C90-B17A-66A250B281BE}"
	ProjectSection(SolutionItems) = preProject
		scripts\GenerateBase.rsp = scripts\GenerateBase.rsp
		scripts\GenerateZdict.rsp = scripts\GenerateZdict.rsp
		scripts\GenerateZstd.rsp = scripts\GenerateZstd.rsp
	EndProjectSection
EndProject
Global
	GlobalSection(SolutionConfigurationPlatforms) = preSolution
		Debug|Any CPU = Debug|Any CPU
		Release|Any CPU = Release|Any CPU
	EndGlobalSection
	GlobalSection(ProjectConfigurationPlatforms) = postSolution
		{FB415F31-CFEE-49A0-8561-0700AB33C269}.Debug|Any CPU.ActiveCfg = Debug|Any CPU
		{FB415F31-CFEE-49A0-8561-0700AB33C269}.Debug|Any CPU.Build.0 = Debug|Any CPU
		{FB415F31-CFEE-49A0-8561-0700AB33C269}.Release|Any CPU.ActiveCfg = Release|Any CPU
		{FB415F31-CFEE-49A0-8561-0700AB33C269}.Release|Any CPU.Build.0 = Release|Any CPU
		{2718E4D7-0FC1-4D0D-AB1A-FDE5B94A6E21}.Debug|Any CPU.ActiveCfg = Debug|Any CPU
		{2718E4D7-0FC1-4D0D-AB1A-FDE5B94A6E21}.Debug|Any CPU.Build.0 = Debug|Any CPU
		{2718E4D7-0FC1-4D0D-AB1A-FDE5B94A6E21}.Release|Any CPU.ActiveCfg = Release|Any CPU
		{2718E4D7-0FC1-4D0D-AB1A-FDE5B94A6E21}.Release|Any CPU.Build.0 = Release|Any CPU
		{D561967D-F1B1-4C42-A7E0-942A637E0BF0}.Debug|Any CPU.ActiveCfg = Debug|Any CPU
		{D561967D-F1B1-4C42-A7E0-942A637E0BF0}.Debug|Any CPU.Build.0 = Debug|Any CPU
		{D561967D-F1B1-4C42-A7E0-942A637E0BF0}.Release|Any CPU.ActiveCfg = Release|Any CPU
		{D561967D-F1B1-4C42-A7E0-942A637E0BF0}.Release|Any CPU.Build.0 = Release|Any CPU
		{95E55BBB-8232-42F2-BF1F-8028267134A1}.Debug|Any CPU.ActiveCfg = Debug|Any CPU
		{95E55BBB-8232-42F2-BF1F-8028267134A1}.Debug|Any CPU.Build.0 = Debug|Any CPU
		{95E55BBB-8232-42F2-BF1F-8028267134A1}.Release|Any CPU.ActiveCfg = Release|Any CPU
		{95E55BBB-8232-42F2-BF1F-8028267134A1}.Release|Any CPU.Build.0 = Release|Any CPU
	EndGlobalSection
	GlobalSection(SolutionProperties) = preSolution
		HideSolutionNode = FALSE
	EndGlobalSection
	GlobalSection(NestedProjects) = preSolution
		{FB415F31-CFEE-49A0-8561-0700AB33C269} = {3C4D08CE-E618-44C7-9F2B-6E12A8934AE5}
		{2718E4D7-0FC1-4D0D-AB1A-FDE5B94A6E21} = {D98C4DDE-61D3-4691-8909-FE685C1E4D64}
		{D561967D-F1B1-4C42-A7E0-942A637E0BF0} = {3C4D08CE-E618-44C7-9F2B-6E12A8934AE5}
		{95E55BBB-8232-42F2-BF1F-8028267134A1} = {D98C4DDE-61D3-4691-8909-FE685C1E4D64}
		{1BF2A203-D26A-4E07-8BA8-4AFEE5AA1C23} = {680F8B27-A917-4ED3-9A3A-662DB43BB1F2}
		{7A5AC11D-42FF-4C73-926B-5A5DDE03026E} = {1BF2A203-D26A-4E07-8BA8-4AFEE5AA1C23}
	EndGlobalSection
	GlobalSection(ExtensibilityGlobals) = postSolution
		SolutionGuid = {9C9AED2A-E3E9-4E38-846D-C74474D22B6B}
	EndGlobalSection
EndGlobal
